<?xml version="1.0" encoding="utf-8"?>
<Project ToolsVersion="4.0" xmlns="http://schemas.microsoft.com/developer/msbuild/2003">
  <ItemGroup>
    <Filter Include="源文件">
      <UniqueIdentifier>{4FC737F1-C7A5-4376-A066-2A32D752A2FF}</UniqueIdentifier>
      <Extensions>cpp;c;cc;cxx;c++;cppm;ixx;def;odl;idl;hpj;bat;asm;asmx</Extensions>
    </Filter>
    <Filter Include="头文件">
      <UniqueIdentifier>{93995380-89BD-4b04-88EB-625FBE52EBFB}</UniqueIdentifier>
      <Extensions>h;hh;hpp;hxx;h++;hm;inl;inc;ipp;xsd</Extensions>
    </Filter>
    <Filter Include="资源文件">
      <UniqueIdentifier>{67DA6AB6-F800-4c08-8B7A-83BB121AAD01}</UniqueIdentifier>
      <Extensions>rc;ico;cur;bmp;dlg;rc2;rct;bin;rgs;gif;jpg;jpeg;jpe;resx;tiff;tif;png;wav;mfcribbon-ms</Extensions>
    </Filter>
    <Filter Include="IoLoop">
      <UniqueIdentifier>{FAD86EAD-CFA2-4BE6-B7F3-473E189450BD}</UniqueIdentifier>
    </Filter>
    <Filter Include="Work">
      <UniqueIdentifier>{CEAC2126-AE07-40D2-9693-B310896FABF6}</UniqueIdentifier>
    </Filter>
    <Filter Include="Work\WorkRoute">
      <UniqueIdentifier>{D47C51D5-03C0-4F19-9829-CDF4DF1DDBB7}</UniqueIdentifier>
    </Filter>
    <Filter Include="Work\WorkHandler">
      <UniqueIdentifier>{874C86F7-6A1C-4BF8-9783-1C61F37E3FE1}</UniqueIdentifier>
    </Filter>
    <Filter Include="Work\Mysql">
      <UniqueIdentifier>{B9D2C05F-1699-4B91-8034-F13ACB18CFB7}</UniqueIdentifier>
    </Filter>
    <Filter Include="Work\Redis">
      <UniqueIdentifier>{C29F5ADA-F71F-4333-843F-C3884BA06517}</UniqueIdentifier>
    </Filter>
    <Filter Include="Work\Grpc">
      <UniqueIdentifier>{D14F3CE9-12C6-4BFE-8A45-04BE171D4755}</UniqueIdentifier>
    </Filter>
  </ItemGroup>
  <ItemGroup>
    <ClCompile Include="IoLoop\Server.cpp">
      <Filter>IoLoop</Filter>
    </ClCompile>
    <ClCompile Include="IoLoop\HttpConnection.cpp">
      <Filter>IoLoop</Filter>
    </ClCompile>
    <ClCompile Include="Work\WorkRoute\LogicSystem.cpp">
      <Filter>Work\WorkRoute</Filter>
    </ClCompile>
    <ClCompile Include="gateServer_main.cpp">
      <Filter>源文件</Filter>
    </ClCompile>
    <ClCompile Include="generated\message.grpc.pb.cc">
      <Filter>源文件</Filter>
    </ClCompile>
    <ClCompile Include="generated\message.pb.cc">
      <Filter>源文件</Filter>
    </ClCompile>
    <ClCompile Include="Work\Grpc\VerifyGrpcClient.cpp">
      <Filter>Work\Grpc</Filter>
    </ClCompile>
    <ClCompile Include="ConfigMgr.cpp">
      <Filter>源文件</Filter>
    </ClCompile>
    <ClCompile Include="IoLoop\IOSPool.cpp">
      <Filter>IoLoop</Filter>
    </ClCompile>
    <ClCompile Include="Work\Redis\RedisMgr.cpp">
      <Filter>Work\Redis</Filter>
    </ClCompile>
    <ClCompile Include="Work\Mysql\MysqlMgr.cpp">
      <Filter>Work\Mysql</Filter>
    </ClCompile>
    <ClCompile Include="Work\WorkHandler\PasswordHasher.cpp">
      <Filter>Work\WorkHandler</Filter>
    </ClCompile>
    <ClCompile Include="Work\Mysql\MysqlDao.cpp">
      <Filter>Work\Mysql</Filter>
    </ClCompile>
    <ClCompile Include="Work\WorkHandler\RegisterHandler.cpp">
      <Filter>Work\WorkHandler</Filter>
    </ClCompile>
    <ClCompile Include="Work\WorkHandler\VarifyHandler.cpp">
      <Filter>Work\WorkHandler</Filter>
    </ClCompile>
    <ClCompile Include="Work\WorkHandler\ResetHandler.cpp">
      <Filter>Work\WorkHandler</Filter>
    </ClCompile>
    <ClCompile Include="Work\WorkHandler\LoginHandler.cpp">
      <Filter>Work\WorkHandler</Filter>
    </ClCompile>
    <ClCompile Include="Work\Grpc\StatusGrpcClient.cpp">
      <Filter>Work\Grpc</Filter>
    </ClCompile>
  </ItemGroup>
  <ItemGroup>
    <ClInclude Include="IoLoop\Server.h">
      <Filter>IoLoop</Filter>
    </ClInclude>
    <ClInclude Include="IoLoop\HttpConnection.h">
      <Filter>IoLoop</Filter>
    </ClInclude>
    <ClInclude Include="const.h">
      <Filter>头文件</Filter>
    </ClInclude>
    <ClInclude Include="Singleton.h">
      <Filter>头文件</Filter>
    </ClInclude>
    <ClInclude Include="Work\WorkRoute\LogicSystem.h">
      <Filter>Work\WorkRoute</Filter>
    </ClInclude>
    <ClInclude Include="generated\message.grpc.pb.h">
      <Filter>头文件</Filter>
    </ClInclude>
    <ClInclude Include="generated\message.pb.h">
      <Filter>头文件</Filter>
    </ClInclude>
    <ClInclude Include="Work\Grpc\VerifyGrpcClient.h">
      <Filter>Work\Grpc</Filter>
    </ClInclude>
    <ClInclude Include="ConfigMgr.h">
      <Filter>头文件</Filter>
    </ClInclude>
    <ClInclude Include="IoLoop\IOSPool.h">
      <Filter>IoLoop</Filter>
    </ClInclude>
    <ClInclude Include="Work\Redis\RedisMgr.h">
      <Filter>Work\Redis</Filter>
    </ClInclude>
    <ClInclude Include="Work\Mysql\MysqlMgr.h">
      <Filter>Work\Mysql</Filter>
    </ClInclude>
    <ClInclude Include="Work\WorkHandler\PasswordHasher.h">
      <Filter>Work\WorkHandler</Filter>
    </ClInclude>
    <ClInclude Include="Work\Mysql\MysqlDao.h">
      <Filter>Work\Mysql</Filter>
    </ClInclude>
    <ClInclude Include="Work\WorkHandler\RegisterHandler.h">
      <Filter>Work\WorkHandler</Filter>
    </ClInclude>
    <ClInclude Include="Work\WorkHandler\RequestHandler.h">
      <Filter>Work\WorkHandler</Filter>
    </ClInclude>
    <ClInclude Include="Work\ThreadPool.h">
      <Filter>Work</Filter>
    </ClInclude>
    <ClInclude Include="Work\WorkHandler\VarifyHandler.h">
      <Filter>Work\WorkHandler</Filter>
    </ClInclude>
    <ClInclude Include="Work\WorkHandler\ResetHandler.h">
      <Filter>Work\WorkHandler</Filter>
    </ClInclude>
    <ClInclude Include="Work\WorkHandler\LoginHandler.h">
      <Filter>Work\WorkHandler</Filter>
    </ClInclude>
    <ClInclude Include="Work\Grpc\StatusGrpcClient.h">
      <Filter>Work\Grpc</Filter>
    </ClInclude>
    <ClInclude Include="Work\Grpc\RpcPool.h">
      <Filter>Work\Grpc</Filter>
    </ClInclude>
  </ItemGroup>
  <ItemGroup>
    <None Include="..\..\scripts\generate_grpc.bat">
      <Filter>资源文件</Filter>
    </None>
    <None Include="..\..\proto\message.proto">
      <Filter>资源文件</Filter>
    </None>
    <None Include="config.ini">
      <Filter>资源文件</Filter>
    </None>
    <None Include="..\..\scripts\consume_verify_code.lua">
      <Filter>Work\Redis</Filter>
    </None>
  </ItemGroup>
</Project>
